
Microsoft Visual Studio Solution File, Format Version 12.00
# Visual Studio Version 17
VisualStudioVersion = 17.14.37502.11
MinimumVisualStudioVersion = 10.0.40219.1
Project("{FAE04EC0-301F-11D3-BF4B-00C04F79EFBC}") = "MoneyMonkey.API", "MoneyMonkey.API\MoneyMonkey.API.csproj", "{F5506FD6-98CE-4185-BCCA-AC75ECB5CFC2}"
EndProject
Project("{FAE04EC0-301F-11D3-BF4B-00C04F79EFBC}") = "MoneyMonkey.Application", "MoneyMonkey.Application\MoneyMonkey.Application.csproj", "{BFE221A1-61F6-4C18-8E2A-DD402A95AA17}"
EndProject
Project("{FAE04EC0-301F-11D3-BF4B-00C04F79EFBC}") = "MoneyMonkey.Data", "MoneyMonkey.Data\MoneyMonkey.Data.csproj", "{0304C2CB-5EC8-4A86-B3FB-F75A728CA150}"
EndProject
Project("{FAE04EC0-301F-11D3-BF4B-00C04F79EFBC}") = "MoneyMonkey.Communication", "MoneyMonkey.Communication\MoneyMonkey.Communication.csproj", "{AD6C96CC-2BE5-4DF8-B841-E71C2D3C8E28}"
EndProject
Global
	GlobalSection(SolutionConfigurationPlatforms) = preSolution
		Debug|Any CPU = Debug|Any CPU
		Release|Any CPU = Release|Any CPU
	EndGlobalSection
	GlobalSection(ProjectConfigurationPlatforms) = postSolution
		{F5506FD6-98CE-4185-BCCA-AC75ECB5CFC2}.Debug|Any CPU.ActiveCfg = Debug|Any CPU
		{F5506FD6-98CE-4185-BCCA-AC75ECB5CFC2}.Debug|Any CPU.Build.0 = Debug|Any CPU
		{F5506FD6-98CE-4185-BCCA-AC75ECB5CFC2}.Release|Any CPU.ActiveCfg = Release|Any CPU
		{F5506FD6-98CE-4185-BCCA-AC75ECB5CFC2}.Release|Any CPU.Build.0 = Release|Any CPU
		{BFE221A1-61F6-4C18-8E2A-DD402A95AA17}.Debug|Any CPU.ActiveCfg = Debug|Any CPU
		{BFE221A1-61F6-4C18-8E2A-DD402A95AA17}.Debug|Any CPU.Build.0 = Debug|Any CPU
		{BFE221A1-61F6-4C18-8E2A-DD402A95AA17}.Release|Any CPU.ActiveCfg = Release|Any CPU
		{BFE221A1-61F6-4C18-8E2A-DD402A95AA17}.Release|Any CPU.Build.0 = Release|Any CPU
		{0304C2CB-5EC8-4A86-B3FB-F75A728CA150}.Debug|Any CPU.ActiveCfg = Debug|Any CPU
		{0304C2CB-5EC8-4A86-B3FB-F75A728CA150}.Debug|Any CPU.Build.0 = Debug|Any CPU
		{0304C2CB-5EC8-4A86-B3FB-F75A728CA150}.Release|Any CPU.ActiveCfg = Release|Any CPU
		{0304C2CB-5EC8-4A86-B3FB-F75A728CA150}.Release|Any CPU.Build.0 = Release|Any CPU
		{AD6C96CC-2BE5-4DF8-B841-E71C2D3C8E28}.Debug|Any CPU.ActiveCfg = Debug|Any CPU
		{AD6C96CC-2BE5-4DF8-B841-E71C2D3C8E28}.Debug|Any CPU.Build.0 = Debug|Any CPU
		{AD6C96CC-2BE5-4DF8-B841-E71C2D3C8E28}.Release|Any CPU.ActiveCfg = Release|Any CPU
		{AD6C96CC-2BE5-4DF8-B841-E71C2D3C8E28}.Release|Any CPU.Build.0 = Release|Any CPU
	EndGlobalSection
	GlobalSection(SolutionProperties) = preSolution
		HideSolutionNode = FALSE
	EndGlobalSection
	GlobalSection(ExtensibilityGlobals) = postSolution
		SolutionGuid = {3A23D6E0-4916-4407-95DA-544378B613F8}
	EndGlobalSection
EndGlobal
